
Microsoft Visual Studio Solution File, Format Version 12.00
# Visual Studio 14
VisualStudioVersion = 14.0.23107.0
MinimumVisualStudioVersion = 10.0.40219.1
Project("{FAE04EC0-301F-11D3-BF4B-00C04F79EFBC}") = "System.Data.Csv", "System.Data.Csv\System.Data.Csv.csproj", "{BA11CC09-EEE5-4C63-A133-820DBCF4427A}"
EndProject
Project("{FAE04EC0-301F-11D3-BF4B-00C04F79EFBC}") = "System.Data.Csv.Test", "System.Data.Csv.Test\System.Data.Csv.Test.csproj", "{AF1AA53A-5250-4FF1-905B-EE37F532C631}"
EndProject
Global
	GlobalSection(SolutionConfigurationPlatforms) = preSolution
		Debug|Any CPU = Debug|Any CPU
		Release|Any CPU = Release|Any CPU
	EndGlobalSection
	GlobalSection(ProjectConfigurationPlatforms) = postSolution
		{BA11CC09-EEE5-4C63-A133-820DBCF4427A}.Debug|Any CPU.ActiveCfg = Debug|Any CPU
		{BA11CC09-EEE5-4C63-A133-820DBCF4427A}.Debug|Any CPU.Build.0 = Debug|Any CPU
		{BA11CC09-EEE5-4C63-A133-820DBCF4427A}.Release|Any CPU.ActiveCfg = Release|Any CPU
		{BA11CC09-EEE5-4C63-A133-820DBCF4427A}.Release|Any CPU.Build.0 = Release|Any CPU
		{AF1AA53A-5250-4FF1-905B-EE37F532C631}.Debug|Any CPU.ActiveCfg = Debug|Any CPU
		{AF1AA53A-5250-4FF1-905B-EE37F532C631}.Debug|Any CPU.Build.0 = Debug|Any CPU
		{AF1AA53A-5250-4FF1-905B-EE37F532C631}.Release|Any CPU.ActiveCfg = Release|Any CPU
		{AF1AA53A-5250-4FF1-905B-EE37F532C631}.Release|Any CPU.Build.0 = Release|Any CPU
	EndGlobalSection
	GlobalSection(SolutionProperties) = preSolution
		HideSolutionNode = FALSE
	EndGlobalSection
EndGlobal
